// !$*UTF8*$!
{
	archiveVersion = 1;
	classes = {
	};
	objectVersion = 46;
	objects = {

/* Begin PBXBuildFile section */
		81395F751BFF42B800C85D4C /* AppDelegate.swift in Sources */ = {isa = PBXBuildFile; fileRef = 81395F741BFF42B800C85D4C /* AppDelegate.swift */; };
		81395F7C1BFF42B800C85D4C /* Assets.xcassets in Resources */ = {isa = PBXBuildFile; fileRef = 81395F7B1BFF42B800C85D4C /* Assets.xcassets */; };
		81395F7F1BFF42B800C85D4C /* LaunchScreen.storyboard in Resources */ = {isa = PBXBuildFile; fileRef = 81395F7D1BFF42B800C85D4C /* LaunchScreen.storyboard */; };
		81395F871BFF47B900C85D4C /* DetailTableViewController.swift in Sources */ = {isa = PBXBuildFile; fileRef = 81395F861BFF47B900C85D4C /* DetailTableViewController.swift */; };
		81395F8B1BFF5A2600C85D4C /* Video.swift in Sources */ = {isa = PBXBuildFile; fileRef = 81395F8A1BFF5A2600C85D4C /* Video.swift */; };
		816143411C0103FE00167ECC /* SearchController.swift in Sources */ = {isa = PBXBuildFile; fileRef = 816143401C0103FE00167ECC /* SearchController.swift */; };
		817ED43F1C009EBF005FC83D /* CircleImage.swift in Sources */ = {isa = PBXBuildFile; fileRef = 817ED43E1C009EBF005FC83D /* CircleImage.swift */; };
		81A1D7FB1C00715C006AF328 /* VideoCell.swift in Sources */ = {isa = PBXBuildFile; fileRef = 81A1D7FA1C00715C006AF328 /* VideoCell.swift */; };
		81E090391BFFC98200A48EB0 /* Main.storyboard in Resources */ = {isa = PBXBuildFile; fileRef = 81E090371BFFC98200A48EB0 /* Main.storyboard */; };
/* End PBXBuildFile section */

/* Begin PBXFileReference section */
		81395F711BFF42B800C85D4C /* TwitchVideoFinder.app */ = {isa = PBXFileReference; explicitFileType = wrapper.application; includeInIndex = 0; path = TwitchVideoFinder.app; sourceTree = BUILT_PRODUCTS_DIR; };
		81395F741BFF42B800C85D4C /* AppDelegate.swift */ = {isa = PBXFileReference; lastKnownFileType = sourcecode.swift; path = AppDelegate.swift; sourceTree = "<group>"; };
		81395F7B1BFF42B800C85D4C /* Assets.xcassets */ = {isa = PBXFileReference; lastKnownFileType = folder.assetcatalog; path = Assets.xcassets; sourceTree = "<group>"; };
		81395F7E1BFF42B800C85D4C /* Base */ = {isa = PBXFileReference; lastKnownFileType = file.storyboard; name = Base; path = Base.lproj/LaunchScreen.storyboard; sourceTree = "<group>"; };
		81395F801BFF42B800C85D4C /* Info.plist */ = {isa = PBXFileReference; lastKnownFileType = text.plist.xml; path = Info.plist; sourceTree = "<group>"; };
		81395F861BFF47B900C85D4C /* DetailTableViewController.swift */ = {isa = PBXFileReference; fileEncoding = 4; lastKnownFileType = sourcecode.swift; path = DetailTableViewController.swift; sourceTree = "<group>"; };
		81395F8A1BFF5A2600C85D4C /* Video.swift */ = {isa = PBXFileReference; fileEncoding = 4; lastKnownFileType = sourcecode.swift; path = Video.swift; sourceTree = "<group>"; };
		816143401C0103FE00167ECC /* SearchController.swift */ = {isa = PBXFileReference; fileEncoding = 4; lastKnownFileType = sourcecode.swift; path = SearchController.swift; sourceTree = "<group>"; };
		817ED43E1C009EBF005FC83D /* CircleImage.swift */ = {isa = PBXFileReference; fileEncoding = 4; lastKnownFileType = sourcecode.swift; path = CircleImage.swift; sourceTree = "<group>"; };
		81A1D7FA1C00715C006AF328 /* VideoCell.swift */ = {isa = PBXFileReference; fileEncoding = 4; lastKnownFileType = sourcecode.swift; path = VideoCell.swift; sourceTree = "<group>"; };
		81E090381BFFC98200A48EB0 /* Base */ = {isa = PBXFileReference; lastKnownFileType = file.storyboard; name = Base; path = Base.lproj/Main.storyboard; sourceTree = "<group>"; };
/* End PBXFileReference section */

/* Begin PBXFrameworksBuildPhase section */
		81395F6E1BFF42B800C85D4C /* Frameworks */ = {
			isa = PBXFrameworksBuildPhase;
			buildActionMask = 2147483647;
			files = (
			);
			runOnlyForDeploymentPostprocessing = 0;
		};
/* End PBXFrameworksBuildPhase section */

/* Begin PBXGroup section */
		81395F681BFF42B700C85D4C = {
			isa = PBXGroup;
			children = (
				81395F731BFF42B800C85D4C /* TwitchVideoFinder */,
				81395F721BFF42B800C85D4C /* Products */,
			);
			sourceTree = "<group>";
		};
		81395F721BFF42B800C85D4C /* Products */ = {
			isa = PBXGroup;
			children = (
				81395F711BFF42B800C85D4C /* TwitchVideoFinder.app */,
			);
			name = Products;
			sourceTree = "<group>";
		};
		81395F731BFF42B800C85D4C /* TwitchVideoFinder */ = {
			isa = PBXGroup;
			children = (
				816143421C010D3100167ECC /* Controller */,
				816143441C010D4D00167ECC /* View */,
				816143431C010D4000167ECC /* Modal */,
				81395F801BFF42B800C85D4C /* Info.plist */,
				81A1D7FD1C007ACE006AF328 /* Support */,
				81A1D7FC1C007AB9006AF328 /* Storyboard */,
			);
			path = TwitchVideoFinder;
			sourceTree = "<group>";
		};
		816143421C010D3100167ECC /* Controller */ = {
			isa = PBXGroup;
			children = (
				81395F861BFF47B900C85D4C /* DetailTableViewController.swift */,
				816143401C0103FE00167ECC /* SearchController.swift */,
			);
			name = Controller;
			sourceTree = "<group>";
		};
		816143431C010D4000167ECC /* Modal */ = {
			isa = PBXGroup;
			children = (
				81395F8A1BFF5A2600C85D4C /* Video.swift */,
			);
			name = Modal;
			sourceTree = "<group>";
		};
		816143441C010D4D00167ECC /* View */ = {
			isa = PBXGroup;
			children = (
				81A1D7FA1C00715C006AF328 /* VideoCell.swift */,
				817ED43E1C009EBF005FC83D /* CircleImage.swift */,
			);
			name = View;
			sourceTree = "<group>";
		};
		81A1D7FC1C007AB9006AF328 /* Storyboard */ = {
			isa = PBXGroup;
			children = (
				81E090371BFFC98200A48EB0 /* Main.storyboard */,
				81395F7D1BFF42B800C85D4C /* LaunchScreen.storyboard */,
			);
			name = Storyboard;
			sourceTree = "<group>";
		};
		81A1D7FD1C007ACE006AF328 /* Support */ = {
			isa = PBXGroup;
			children = (
				81395F7B1BFF42B800C85D4C /* Assets.xcassets */,
				81395F741BFF42B800C85D4C /* AppDelegate.swift */,
			);
			name = Support;
			sourceTree = "<group>";
		};
/* End PBXGroup section */

/* Begin PBXNativeTarget section */
		81395F701BFF42B800C85D4C /* TwitchVideoFinder */ = {
			isa = PBXNativeTarget;
			buildConfigurationList = 81395F831BFF42B800C85D4C /* Build configuration list for PBXNativeTarget "TwitchVideoFinder" */;
			buildPhases = (
				81395F6D1BFF42B800C85D4C /* Sources */,
				81395F6E1BFF42B800C85D4C /* Frameworks */,
				81395F6F1BFF42B800C85D4C /* Resources */,
			);
			buildRules = (
			);
			dependencies = (
			);
			name = TwitchVideoFinder;
			productName = TwitchVideoFinder;
			productReference = 81395F711BFF42B800C85D4C /* TwitchVideoFinder.app */;
			productType = "com.apple.product-type.application";
		};
/* End PBXNativeTarget section */

/* Begin PBXProject section */
		81395F691BFF42B700C85D4C /* Project object */ = {
			isa = PBXProject;
			attributes = {
				LastSwiftUpdateCheck = 0710;
				LastUpgradeCheck = 0710;
				ORGANIZATIONNAME = SunshineYang;
				TargetAttributes = {
					81395F701BFF42B800C85D4C = {
						CreatedOnToolsVersion = 7.1;
						DevelopmentTeam = 8N33D483BA;
					};
				};
			};
			buildConfigurationList = 81395F6C1BFF42B700C85D4C /* Build configuration list for PBXProject "TwitchVideoFinder" */;
			compatibilityVersion = "Xcode 3.2";
			developmentRegion = English;
			hasScannedForEncodings = 0;
			knownRegions = (
				en,
				Base,
			);
			mainGroup = 81395F681BFF42B700C85D4C;
			productRefGroup = 81395F721BFF42B800C85D4C /* Products */;
			projectDirPath = "";
			projectRoot = "";
			targets = (
				81395F701BFF42B800C85D4C /* TwitchVideoFinder */,
			);
		};
/* End PBXProject section */

/* Begin PBXResourcesBuildPhase section */
		81395F6F1BFF42B800C85D4C /* Resources */ = {
			isa = PBXResourcesBuildPhase;
			buildActionMask = 2147483647;
			files = (
				81395F7F1BFF42B800C85D4C /* LaunchScreen.storyboard in Resources */,
				81395F7C1BFF42B800C85D4C /* Assets.xcassets in Resources */,
				81E090391BFFC98200A48EB0 /* Main.storyboard in Resources */,
			);
			runOnlyForDeploymentPostprocessing = 0;
		};
/* End PBXResourcesBuildPhase section */

/* Begin PBXSourcesBuildPhase section */
		81395F6D1BFF42B800C85D4C /* Sources */ = {
			isa = PBXSourcesBuildPhase;
			buildActionMask = 2147483647;
			files = (
				81395F871BFF47B900C85D4C /* DetailTableViewController.swift in Sources */,
				817ED43F1C009EBF005FC83D /* CircleImage.swift in Sources */,
				816143411C0103FE00167ECC /* SearchController.swift in Sources */,
				81A1D7FB1C00715C006AF328 /* VideoCell.swift in Sources */,
				81395F8B1BFF5A2600C85D4C /* Video.swift in Sources */,
				81395F751BFF42B800C85D4C /* AppDelegate.swift in Sources */,
			);
			runOnlyForDeploymentPostprocessing = 0;
		};
/* End PBXSourcesBuildPhase section */

/* Begin PBXVariantGroup section */
		81395F7D1BFF42B800C85D4C /* LaunchScreen.storyboard */ = {
			isa = PBXVariantGroup;
			children = (
				81395F7E1BFF42B800C85D4C /* Base */,
			);
			name = LaunchScreen.storyboard;
			sourceTree = "<group>";
		};
		81E090371BFFC98200A48EB0 /* Main.storyboard */ = {
			isa = PBXVariantGroup;
			children = (
				81E090381BFFC98200A48EB0 /* Base */,
			);
			name = Main.storyboard;
			sourceTree = "<group>";
		};
/* End PBXVariantGroup section */

/* Begin XCBuildConfiguration section */
		81395F811BFF42B800C85D4C /* Debug */ = {
			isa = XCBuildConfiguration;
			buildSettings = {
				ALWAYS_SEARCH_USER_PATHS = NO;
				CLANG_CXX_LANGUAGE_STANDARD = "gnu++0x";
				CLANG_CXX_LIBRARY = "libc++";
				CLANG_ENABLE_MODULES = YES;
				CLANG_ENABLE_OBJC_ARC = YES;
				CLANG_WARN_BOOL_CONVERSION = YES;
				CLANG_WARN_CONSTANT_CONVERSION = YES;
				CLANG_WARN_DIRECT_OBJC_ISA_USAGE = YES_ERROR;
				CLANG_WARN_EMPTY_BODY = YES;
				CLANG_WARN_ENUM_CONVERSION = YES;
				CLANG_WARN_INT_CONVERSION = YES;
				CLANG_WARN_OBJC_ROOT_CLASS = YES_ERROR;
				CLANG_WARN_UNREACHABLE_CODE = YES;
				CLANG_WARN__DUPLICATE_METHOD_MATCH = YES;
				"CODE_SIGN_IDENTITY[sdk=iphoneos*]" = "iPhone Developer";
				COPY_PHASE_STRIP = NO;
				DEBUG_INFORMATION_FORMAT = dwarf;
				ENABLE_STRICT_OBJC_MSGSEND = YES;
				ENABLE_TESTABILITY = YES;
				GCC_C_LANGUAGE_STANDARD = gnu99;
				GCC_DYNAMIC_NO_PIC = NO;
				GCC_NO_COMMON_BLOCKS = YES;
				GCC_OPTIMIZATION_LEVEL = 0;
				GCC_PREPROCESSOR_DEFINITIONS = (
					"DEBUG=1",
					"$(inherited)",
				);
				GCC_WARN_64_TO_32_BIT_CONVERSION = YES;
				GCC_WARN_ABOUT_RETURN_TYPE = YES_ERROR;
				GCC_WARN_UNDECLARED_SELECTOR = YES;
				GCC_WARN_UNINITIALIZED_AUTOS = YES_AGGRESSIVE;
				GCC_WARN_UNUSED_FUNCTION = YES;
				GCC_WARN_UNUSED_VARIABLE = YES;
				IPHONEOS_DEPLOYMENT_TARGET = 9.1;
				MTL_ENABLE_DEBUG_INFO = YES;
				ONLY_ACTIVE_ARCH = YES;
				SDKROOT = iphoneos;
				SWIFT_OPTIMIZATION_LEVEL = "-Onone";
				TARGETED_DEVICE_FAMILY = "1,2";
			};
			name = Debug;
		};
		81395F821BFF42B800C85D4C /* Release */ = {
			isa = XCBuildConfiguration;
			buildSettings = {
				ALWAYS_SEARCH_USER_PATHS = NO;
				CLANG_CXX_LANGUAGE_STANDARD = "gnu++0x";
				CLANG_CXX_LIBRARY = "libc++";
				CLANG_ENABLE_MODULES = YES;
				CLANG_ENABLE_OBJC_ARC = YES;
				CLANG_WARN_BOOL_CONVERSION = YES;
				CLANG_WARN_CONSTANT_CONVERSION = YES;
				CLANG_WARN_DIRECT_OBJC_ISA_USAGE = YES_ERROR;
				CLANG_WARN_EMPTY_BODY = YES;
				CLANG_WARN_ENUM_CONVERSION = YES;
				CLANG_WARN_INT_CONVERSION = YES;
				CLANG_WARN_OBJC_ROOT_CLASS = YES_ERROR;
				CLANG_WARN_UNREACHABLE_CODE = YES;
				CLANG_WARN__DUPLICATE_METHOD_MATCH = YES;
				"CODE_SIGN_IDENTITY[sdk=iphoneos*]" = "iPhone Developer";
				COPY_PHASE_STRIP = NO;
				DEBUG_INFORMATION_FORMAT = "dwarf-with-dsym";
				ENABLE_NS_ASSERTIONS = NO;
				ENABLE_STRICT_OBJC_MSGSEND = YES;
				GCC_C_LANGUAGE_STANDARD = gnu99;
				GCC_NO_COMMON_BLOCKS = YES;
				GCC_WARN_64_TO_32_BIT_CONVERSION = YES;
				GCC_WARN_ABOUT_RETURN_TYPE = YES_ERROR;
				GCC_WARN_UNDECLARED_SELECTOR = YES;
				GCC_WARN_UNINITIALIZED_AUTOS = YES_AGGRESSIVE;
				GCC_WARN_UNUSED_FUNCTION = YES;
				GCC_WARN_UNUSED_VARIABLE = YES;
				IPHONEOS_DEPLOYMENT_TARGET = 9.1;
				MTL_ENABLE_DEBUG_INFO = NO;
				SDKROOT = iphoneos;
				TARGETED_DEVICE_FAMILY = "1,2";
				VALIDATE_PRODUCT = YES;
			};
			name = Release;
		};
		81395F841BFF42B800C85D4C /* Debug */ = {
			isa = XCBuildConfiguration;
			buildSettings = {
				ASSETCATALOG_COMPILER_APPICON_NAME = AppIcon;
				INFOPLIST_FILE = TwitchVideoFinder/Info.plist;
				LD_RUNPATH_SEARCH_PATHS = "$(inherited) @executable_path/Frameworks";
				PRODUCT_BUNDLE_IDENTIFIER = com.SunshineYang.TwitchVideoFinder;
				PRODUCT_NAME = "$(TARGET_NAME)";
			};
			name = Debug;
		};
		81395F851BFF42B800C85D4C /* Release */ = {
			isa = XCBuildConfiguration;
			buildSettings = {
				ASSETCATALOG_COMPILER_APPICON_NAME = AppIcon;
				INFOPLIST_FILE = TwitchVideoFinder/Info.plist;
				LD_RUNPATH_SEARCH_PATHS = "$(inherited) @executable_path/Frameworks";
				PRODUCT_BUNDLE_IDENTIFIER = com.SunshineYang.TwitchVideoFinder;
				PRODUCT_NAME = "$(TARGET_NAME)";
			};
			name = Release;
		};
/* End XCBuildConfiguration section */

/* Begin XCConfigurationList section */
		81395F6C1BFF42B700C85D4C /* Build configuration list for PBXProject "TwitchVideoFinder" */ = {
			isa = XCConfigurationList;
			buildConfigurations = (
				81395F811BFF42B800C85D4C /* Debug */,
				81395F821BFF42B800C85D4C /* Release */,
			);
			defaultConfigurationIsVisible = 0;
			defaultConfigurationName = Release;
		};
		81395F831BFF42B800C85D4C /* Build configuration list for PBXNativeTarget "TwitchVideoFinder" */ = {
			isa = XCConfigurationList;
			buildConfigurations = (
				81395F841BFF42B800C85D4C /* Debug */,
				81395F851BFF42B800C85D4C /* Release */,
			);
			defaultConfigurationIsVisible = 0;
			defaultConfigurationName = Release;
		};
/* End XCConfigurationList section */
	};
	rootObject = 81395F691BFF42B700C85D4C /* Project object */;
}
